Microsoft Visual Studio Solution File, Format Version 12.00
# Visual Studio Version 17
VisualStudioVersion = 17.5.2.0
MinimumVisualStudioVersion = 10.0.40219.1
Project("{FAE04EC0-301F-11D3-BF4B-00C04F79EFBC}") = "QuanLyNhaTroAPI", "QuanLyNhaTroAPI\QuanLyNhaTroAPI.csproj", "{BC467013-1AC7-3F6A-466C-35780588FAE5}"
EndProject
Global
	GlobalSection(SolutionConfigurationPlatforms) = preSolution
		Debug|Any CPU = Debug|Any CPU
		Release|Any CPU = Release|Any CPU
	EndGlobalSection
	GlobalSection(ProjectConfigurationPlatforms) = postSolution
		{BC467013-1AC7-3F6A-466C-35780588FAE5}.Debug|Any CPU.ActiveCfg = Debug|Any CPU
		{BC467013-1AC7-3F6A-466C-35780588FAE5}.Debug|Any CPU.Build.0 = Debug|Any CPU
		{BC467013-1AC7-3F6A-466C-35780588FAE5}.Release|Any CPU.ActiveCfg = Release|Any CPU
		{BC467013-1AC7-3F6A-466C-35780588FAE5}.Release|Any CPU.Build.0 = Release|Any CPU
	EndGlobalSection
	GlobalSection(SolutionProperties) = preSolution
		HideSolutionNode = FALSE
	EndGlobalSection
	GlobalSection(ExtensibilityGlobals) = postSolution
		SolutionGuid = {0BFBF69A-A94F-4D62-92C3-1706DD12952E}
	EndGlobalSection
EndGlobal
